// !$*UTF8*$!
{
	archiveVersion = 1;
	classes = {
	};
	objectVersion = 46;
	objects = {

/* Begin PBXBuildFile section */
		F90722CA1EC0A19C002B5D52 /* AppDelegate.swift in Sources */ = {isa = PBXBuildFile; fileRef = F90722C91EC0A19C002B5D52 /* AppDelegate.swift */; };
		F90722CC1EC0A19C002B5D52 /* ViewController.swift in Sources */ = {isa = PBXBuildFile; fileRef = F90722CB1EC0A19C002B5D52 /* ViewController.swift */; };
		F90722CF1EC0A19C002B5D52 /* Main.storyboard in Resources */ = {isa = PBXBuildFile; fileRef = F90722CD1EC0A19C002B5D52 /* Main.storyboard */; };
		F90722D11EC0A19C002B5D52 /* Assets.xcassets in Resources */ = {isa = PBXBuildFile; fileRef = F90722D01EC0A19C002B5D52 /* Assets.xcassets */; };
		F90722D41EC0A19C002B5D52 /* LaunchScreen.storyboard in Resources */ = {isa = PBXBuildFile; fileRef = F90722D21EC0A19C002B5D52 /* LaunchScreen.storyboard */; };
		F90722DC1EC0B54A002B5D52 /* 初夏.jpg in Resources */ = {isa = PBXBuildFile; fileRef = F90722DB1EC0B54A002B5D52 /* 初夏.jpg */; };
		F90722DE1EC0B55D002B5D52 /* 初秋.jpg in Resources */ = {isa = PBXBuildFile; fileRef = F90722DD1EC0B55D002B5D52 /* 初秋.jpg */; };
		F90722E01EC0B565002B5D52 /* 仲秋.JPG in Resources */ = {isa = PBXBuildFile; fileRef = F90722DF1EC0B565002B5D52 /* 仲秋.JPG */; };
		F90722E21EC0B572002B5D52 /* 冬.JPG in Resources */ = {isa = PBXBuildFile; fileRef = F90722E11EC0B572002B5D52 /* 冬.JPG */; };
		F90722E41EC0CE91002B5D52 /* ResultViewController.swift in Sources */ = {isa = PBXBuildFile; fileRef = F90722E31EC0CE91002B5D52 /* ResultViewController.swift */; };
/* End PBXBuildFile section */

/* Begin PBXFileReference section */
		F90722C61EC0A19C002B5D52 /* SlideshowApp.app */ = {isa = PBXFileReference; explicitFileType = wrapper.application; includeInIndex = 0; path = SlideshowApp.app; sourceTree = BUILT_PRODUCTS_DIR; };
		F90722C91EC0A19C002B5D52 /* AppDelegate.swift */ = {isa = PBXFileReference; lastKnownFileType = sourcecode.swift; path = AppDelegate.swift; sourceTree = "<group>"; };
		F90722CB1EC0A19C002B5D52 /* ViewController.swift */ = {isa = PBXFileReference; lastKnownFileType = sourcecode.swift; path = ViewController.swift; sourceTree = "<group>"; };
		F90722CE1EC0A19C002B5D52 /* Base */ = {isa = PBXFileReference; lastKnownFileType = file.storyboard; name = Base; path = Base.lproj/Main.storyboard; sourceTree = "<group>"; };
		F90722D01EC0A19C002B5D52 /* Assets.xcassets */ = {isa = PBXFileReference; lastKnownFileType = folder.assetcatalog; path = Assets.xcassets; sourceTree = "<group>"; };
		F90722D31EC0A19C002B5D52 /* Base */ = {isa = PBXFileReference; lastKnownFileType = file.storyboard; name = Base; path = Base.lproj/LaunchScreen.storyboard; sourceTree = "<group>"; };
		F90722D51EC0A19C002B5D52 /* Info.plist */ = {isa = PBXFileReference; lastKnownFileType = text.plist.xml; path = Info.plist; sourceTree = "<group>"; };
		F90722DB1EC0B54A002B5D52 /* 初夏.jpg */ = {isa = PBXFileReference; lastKnownFileType = image.jpeg; name = "初夏.jpg"; path = "../初夏.jpg"; sourceTree = "<group>"; };
		F90722DD1EC0B55D002B5D52 /* 初秋.jpg */ = {isa = PBXFileReference; lastKnownFileType = image.jpeg; name = "初秋.jpg"; path = "../初秋.jpg"; sourceTree = "<group>"; };
		F90722DF1EC0B565002B5D52 /* 仲秋.JPG */ = {isa = PBXFileReference; lastKnownFileType = image.jpeg; name = "仲秋.JPG"; path = "../仲秋.JPG"; sourceTree = "<group>"; };
		F90722E11EC0B572002B5D52 /* 冬.JPG */ = {isa = PBXFileReference; lastKnownFileType = image.jpeg; name = "冬.JPG"; path = "../冬.JPG"; sourceTree = "<group>"; };
		F90722E31EC0CE91002B5D52 /* ResultViewController.swift */ = {isa = PBXFileReference; fileEncoding = 4; lastKnownFileType = sourcecode.swift; path = ResultViewController.swift; sourceTree = "<group>"; };
/* End PBXFileReference section */

/* Begin PBXFrameworksBuildPhase section */
		F90722C31EC0A19C002B5D52 /* Frameworks */ = {
			isa = PBXFrameworksBuildPhase;
			buildActionMask = 2147483647;
			files = (
			);
			runOnlyForDeploymentPostprocessing = 0;
		};
/* End PBXFrameworksBuildPhase section */

/* Begin PBXGroup section */
		F90722BD1EC0A19C002B5D52 = {
			isa = PBXGroup;
			children = (
				F90722C81EC0A19C002B5D52 /* SlideshowApp */,
				F90722C71EC0A19C002B5D52 /* Products */,
			);
			sourceTree = "<group>";
		};
		F90722C71EC0A19C002B5D52 /* Products */ = {
			isa = PBXGroup;
			children = (
				F90722C61EC0A19C002B5D52 /* SlideshowApp.app */,
			);
			name = Products;
			sourceTree = "<group>";
		};
		F90722C81EC0A19C002B5D52 /* SlideshowApp */ = {
			isa = PBXGroup;
			children = (
				F90722DB1EC0B54A002B5D52 /* 初夏.jpg */,
				F90722DD1EC0B55D002B5D52 /* 初秋.jpg */,
				F90722DF1EC0B565002B5D52 /* 仲秋.JPG */,
				F90722E11EC0B572002B5D52 /* 冬.JPG */,
				F90722C91EC0A19C002B5D52 /* AppDelegate.swift */,
				F90722CB1EC0A19C002B5D52 /* ViewController.swift */,
				F90722CD1EC0A19C002B5D52 /* Main.storyboard */,
				F90722E31EC0CE91002B5D52 /* ResultViewController.swift */,
				F90722D01EC0A19C002B5D52 /* Assets.xcassets */,
				F90722D21EC0A19C002B5D52 /* LaunchScreen.storyboard */,
				F90722D51EC0A19C002B5D52 /* Info.plist */,
			);
			path = SlideshowApp;
			sourceTree = "<group>";
		};
/* End PBXGroup section */

/* Begin PBXNativeTarget section */
		F90722C51EC0A19C002B5D52 /* SlideshowApp */ = {
			isa = PBXNativeTarget;
			buildConfigurationList = F90722D81EC0A19C002B5D52 /* Build configuration list for PBXNativeTarget "SlideshowApp" */;
			buildPhases = (
				F90722C21EC0A19C002B5D52 /* Sources */,
				F90722C31EC0A19C002B5D52 /* Frameworks */,
				F90722C41EC0A19C002B5D52 /* Resources */,
			);
			buildRules = (
			);
			dependencies = (
			);
			name = SlideshowApp;
			productName = SlideshowApp;
			productReference = F90722C61EC0A19C002B5D52 /* SlideshowApp.app */;
			productType = "com.apple.product-type.application";
		};
/* End PBXNativeTarget section */

/* Begin PBXProject section */
		F90722BE1EC0A19C002B5D52 /* Project object */ = {
			isa = PBXProject;
			attributes = {
				LastSwiftUpdateCheck = 0830;
				LastUpgradeCheck = 0830;
				ORGANIZATIONNAME = Skybridge7;
				TargetAttributes = {
					F90722C51EC0A19C002B5D52 = {
						CreatedOnToolsVersion = 8.3.2;
						ProvisioningStyle = Automatic;
					};
				};
			};
			buildConfigurationList = F90722C11EC0A19C002B5D52 /* Build configuration list for PBXProject "SlideshowApp" */;
			compatibilityVersion = "Xcode 3.2";
			developmentRegion = English;
			hasScannedForEncodings = 0;
			knownRegions = (
				en,
				Base,
			);
			mainGroup = F90722BD1EC0A19C002B5D52;
			productRefGroup = F90722C71EC0A19C002B5D52 /* Products */;
			projectDirPath = "";
			projectRoot = "";
			targets = (
				F90722C51EC0A19C002B5D52 /* SlideshowApp */,
			);
		};
/* End PBXProject section */

/* Begin PBXResourcesBuildPhase section */
		F90722C41EC0A19C002B5D52 /* Resources */ = {
			isa = PBXResourcesBuildPhase;
			buildActionMask = 2147483647;
			files = (
				F90722DE1EC0B55D002B5D52 /* 初秋.jpg in Resources */,
				F90722D41EC0A19C002B5D52 /* LaunchScreen.storyboard in Resources */,
				F90722E01EC0B565002B5D52 /* 仲秋.JPG in Resources */,
				F90722E21EC0B572002B5D52 /* 冬.JPG in Resources */,
				F90722DC1EC0B54A002B5D52 /* 初夏.jpg in Resources */,
				F90722D11EC0A19C002B5D52 /* Assets.xcassets in Resources */,
				F90722CF1EC0A19C002B5D52 /* Main.storyboard in Resources */,
			);
			runOnlyForDeploymentPostprocessing = 0;
		};
/* End PBXResourcesBuildPhase section */

/* Begin PBXSourcesBuildPhase section */
		F90722C21EC0A19C002B5D52 /* Sources */ = {
			isa = PBXSourcesBuildPhase;
			buildActionMask = 2147483647;
			files = (
				F90722CC1EC0A19C002B5D52 /* ViewController.swift in Sources */,
				F90722CA1EC0A19C002B5D52 /* AppDelegate.swift in Sources */,
				F90722E41EC0CE91002B5D52 /* ResultViewController.swift in Sources */,
			);
			runOnlyForDeploymentPostprocessing = 0;
		};
/* End PBXSourcesBuildPhase section */

/* Begin PBXVariantGroup section */
		F90722CD1EC0A19C002B5D52 /* Main.storyboard */ = {
			isa = PBXVariantGroup;
			children = (
				F90722CE1EC0A19C002B5D52 /* Base */,
			);
			name = Main.storyboard;
			sourceTree = "<group>";
		};
		F90722D21EC0A19C002B5D52 /* LaunchScreen.storyboard */ = {
			isa = PBXVariantGroup;
			children = (
				F90722D31EC0A19C002B5D52 /* Base */,
			);
			name = LaunchScreen.storyboard;
			sourceTree = "<group>";
		};
/* End PBXVariantGroup section */

/* Begin XCBuildConfiguration section */
		F90722D61EC0A19C002B5D52 /* Debug */ = {
			isa = XCBuildConfiguration;
			buildSettings = {
				ALWAYS_SEARCH_USER_PATHS = NO;
				CLANG_ANALYZER_NONNULL = YES;
				CLANG_ANALYZER_NUMBER_OBJECT_CONVERSION = YES_AGGRESSIVE;
				CLANG_CXX_LANGUAGE_STANDARD = "gnu++0x";
				CLANG_CXX_LIBRARY = "libc++";
				CLANG_ENABLE_MODULES = YES;
				CLANG_ENABLE_OBJC_ARC = YES;
				CLANG_WARN_BOOL_CONVERSION = YES;
				CLANG_WARN_CONSTANT_CONVERSION = YES;
				CLANG_WARN_DIRECT_OBJC_ISA_USAGE = YES_ERROR;
				CLANG_WARN_DOCUMENTATION_COMMENTS = YES;
				CLANG_WARN_EMPTY_BODY = YES;
				CLANG_WARN_ENUM_CONVERSION = YES;
				CLANG_WARN_INFINITE_RECURSION = YES;
				CLANG_WARN_INT_CONVERSION = YES;
				CLANG_WARN_OBJC_ROOT_CLASS = YES_ERROR;
				CLANG_WARN_SUSPICIOUS_MOVE = YES;
				CLANG_WARN_UNREACHABLE_CODE = YES;
				CLANG_WARN__DUPLICATE_METHOD_MATCH = YES;
				"CODE_SIGN_IDENTITY[sdk=iphoneos*]" = "iPhone Developer";
				COPY_PHASE_STRIP = NO;
				DEBUG_INFORMATION_FORMAT = dwarf;
				ENABLE_STRICT_OBJC_MSGSEND = YES;
				ENABLE_TESTABILITY = YES;
				GCC_C_LANGUAGE_STANDARD = gnu99;
				GCC_DYNAMIC_NO_PIC = NO;
				GCC_NO_COMMON_BLOCKS = YES;
				GCC_OPTIMIZATION_LEVEL = 0;
				GCC_PREPROCESSOR_DEFINITIONS = (
					"DEBUG=1",
					"$(inherited)",
				);
				GCC_WARN_64_TO_32_BIT_CONVERSION = YES;
				GCC_WARN_ABOUT_RETURN_TYPE = YES_ERROR;
				GCC_WARN_UNDECLARED_SELECTOR = YES;
				GCC_WARN_UNINITIALIZED_AUTOS = YES_AGGRESSIVE;
				GCC_WARN_UNUSED_FUNCTION = YES;
				GCC_WARN_UNUSED_VARIABLE = YES;
				IPHONEOS_DEPLOYMENT_TARGET = 10.3;
				MTL_ENABLE_DEBUG_INFO = YES;
				ONLY_ACTIVE_ARCH = YES;
				SDKROOT = iphoneos;
				SWIFT_ACTIVE_COMPILATION_CONDITIONS = DEBUG;
				SWIFT_OPTIMIZATION_LEVEL = "-Onone";
			};
			name = Debug;
		};
		F90722D71EC0A19C002B5D52 /* Release */ = {
			isa = XCBuildConfiguration;
			buildSettings = {
				ALWAYS_SEARCH_USER_PATHS = NO;
				CLANG_ANALYZER_NONNULL = YES;
				CLANG_ANALYZER_NUMBER_OBJECT_CONVERSION = YES_AGGRESSIVE;
				CLANG_CXX_LANGUAGE_STANDARD = "gnu++0x";
				CLANG_CXX_LIBRARY = "libc++";
				CLANG_ENABLE_MODULES = YES;
				CLANG_ENABLE_OBJC_ARC = YES;
				CLANG_WARN_BOOL_CONVERSION = YES;
				CLANG_WARN_CONSTANT_CONVERSION = YES;
				CLANG_WARN_DIRECT_OBJC_ISA_USAGE = YES_ERROR;
				CLANG_WARN_DOCUMENTATION_COMMENTS = YES;
				CLANG_WARN_EMPTY_BODY = YES;
				CLANG_WARN_ENUM_CONVERSION = YES;
				CLANG_WARN_INFINITE_RECURSION = YES;
				CLANG_WARN_INT_CONVERSION = YES;
				CLANG_WARN_OBJC_ROOT_CLASS = YES_ERROR;
				CLANG_WARN_SUSPICIOUS_MOVE = YES;
				CLANG_WARN_UNREACHABLE_CODE = YES;
				CLANG_WARN__DUPLICATE_METHOD_MATCH = YES;
				"CODE_SIGN_IDENTITY[sdk=iphoneos*]" = "iPhone Developer";
				COPY_PHASE_STRIP = NO;
				DEBUG_INFORMATION_FORMAT = "dwarf-with-dsym";
				ENABLE_NS_ASSERTIONS = NO;
				ENABLE_STRICT_OBJC_MSGSEND = YES;
				GCC_C_LANGUAGE_STANDARD = gnu99;
				GCC_NO_COMMON_BLOCKS = YES;
				GCC_WARN_64_TO_32_BIT_CONVERSION = YES;
				GCC_WARN_ABOUT_RETURN_TYPE = YES_ERROR;
				GCC_WARN_UNDECLARED_SELECTOR = YES;
				GCC_WARN_UNINITIALIZED_AUTOS = YES_AGGRESSIVE;
				GCC_WARN_UNUSED_FUNCTION = YES;
				GCC_WARN_UNUSED_VARIABLE = YES;
				IPHONEOS_DEPLOYMENT_TARGET = 10.3;
				MTL_ENABLE_DEBUG_INFO = NO;
				SDKROOT = iphoneos;
				SWIFT_OPTIMIZATION_LEVEL = "-Owholemodule";
				VALIDATE_PRODUCT = YES;
			};
			name = Release;
		};
		F90722D91EC0A19C002B5D52 /* Debug */ = {
			isa = XCBuildConfiguration;
			buildSettings = {
				ASSETCATALOG_COMPILER_APPICON_NAME = AppIcon;
				INFOPLIST_FILE = SlideshowApp/Info.plist;
				LD_RUNPATH_SEARCH_PATHS = "$(inherited) @executable_path/Frameworks";
				PRODUCT_BUNDLE_IDENTIFIER = jp.techacademy.Skybridge7.SlideshowApp;
				PRODUCT_NAME = "$(TARGET_NAME)";
				SWIFT_VERSION = 3.0;
			};
			name = Debug;
		};
		F90722DA1EC0A19C002B5D52 /* Release */ = {
			isa = XCBuildConfiguration;
			buildSettings = {
				ASSETCATALOG_COMPILER_APPICON_NAME = AppIcon;
				INFOPLIST_FILE = SlideshowApp/Info.plist;
				LD_RUNPATH_SEARCH_PATHS = "$(inherited) @executable_path/Frameworks";
				PRODUCT_BUNDLE_IDENTIFIER = jp.techacademy.Skybridge7.SlideshowApp;
				PRODUCT_NAME = "$(TARGET_NAME)";
				SWIFT_VERSION = 3.0;
			};
			name = Release;
		};
/* End XCBuildConfiguration section */

/* Begin XCConfigurationList section */
		F90722C11EC0A19C002B5D52 /* Build configuration list for PBXProject "SlideshowApp" */ = {
			isa = XCConfigurationList;
			buildConfigurations = (
				F90722D61EC0A19C002B5D52 /* Debug */,
				F90722D71EC0A19C002B5D52 /* Release */,
			);
			defaultConfigurationIsVisible = 0;
			defaultConfigurationName = Release;
		};
		F90722D81EC0A19C002B5D52 /* Build configuration list for PBXNativeTarget "SlideshowApp" */ = {
			isa = XCConfigurationList;
			buildConfigurations = (
				F90722D91EC0A19C002B5D52 /* Debug */,
				F90722DA1EC0A19C002B5D52 /* Release */,
			);
			defaultConfigurationIsVisible = 0;
			defaultConfigurationName = Release;
		};
/* End XCConfigurationList section */
	};
	rootObject = F90722BE1EC0A19C002B5D52 /* Project object */;
}
